
Microsoft Visual Studio Solution File, Format Version 12.00
# Visual Studio Version 16
VisualStudioVersion = 16.0.31205.134
MinimumVisualStudioVersion = 10.0.40219.1
Project("{FAE04EC0-301F-11D3-BF4B-00C04F79EFBC}") = "Azure", "Azure\Azure.csproj", "{8E34E90B-BCF3-47F8-9091-FFCAB46ABCBB}"
EndProject
Global
	GlobalSection(SolutionConfigurationPlatforms) = preSolution
		Debug|Any CPU = Debug|Any CPU
		Release|Any CPU = Release|Any CPU
	EndGlobalSection
	GlobalSection(ProjectConfigurationPlatforms) = postSolution
		{8E34E90B-BCF3-47F8-9091-FFCAB46ABCBB}.Debug|Any CPU.ActiveCfg = Debug|Any CPU
		{8E34E90B-BCF3-47F8-9091-FFCAB46ABCBB}.Debug|Any CPU.Build.0 = Debug|Any CPU
		{8E34E90B-BCF3-47F8-9091-FFCAB46ABCBB}.Release|Any CPU.ActiveCfg = Release|Any CPU
		{8E34E90B-BCF3-47F8-9091-FFCAB46ABCBB}.Release|Any CPU.Build.0 = Release|Any CPU
	EndGlobalSection
	GlobalSection(SolutionProperties) = preSolution
		HideSolutionNode = FALSE
	EndGlobalSection
	GlobalSection(ExtensibilityGlobals) = postSolution
		SolutionGuid = {148DA988-8D3B-498C-8D9F-84E91A5FE5B9}
	EndGlobalSection
EndGlobal
